
Microsoft Visual Studio Solution File, Format Version 12.00
# Visual Studio 15
VisualStudioVersion = 15.0.28307.271
MinimumVisualStudioVersion = 10.0.40219.1
Project("{FAE04EC0-301F-11D3-BF4B-00C04F79EFBC}") = "MVCAjaxify", "MVCAjaxify\MVCAjaxify.csproj", "{58ABBE76-3BFA-4E21-A86F-CC35A1694347}"
EndProject
Global
	GlobalSection(SolutionConfigurationPlatforms) = preSolution
		Debug|Any CPU = Debug|Any CPU
		Release|Any CPU = Release|Any CPU
	EndGlobalSection
	GlobalSection(ProjectConfigurationPlatforms) = postSolution
		{58ABBE76-3BFA-4E21-A86F-CC35A1694347}.Debug|Any CPU.ActiveCfg = Debug|Any CPU
		{58ABBE76-3BFA-4E21-A86F-CC35A1694347}.Debug|Any CPU.Build.0 = Debug|Any CPU
		{58ABBE76-3BFA-4E21-A86F-CC35A1694347}.Release|Any CPU.ActiveCfg = Release|Any CPU
		{58ABBE76-3BFA-4E21-A86F-CC35A1694347}.Release|Any CPU.Build.0 = Release|Any CPU
	EndGlobalSection
	GlobalSection(SolutionProperties) = preSolution
		HideSolutionNode = FALSE
	EndGlobalSection
	GlobalSection(ExtensibilityGlobals) = postSolution
		SolutionGuid = {F0BE77B2-6019-4233-9332-0DB1843A9CE4}
	EndGlobalSection
EndGlobal
